
Microsoft Visual Studio Solution File, Format Version 12.00
# Visual Studio Version 17
VisualStudioVersion = 17.4.33213.308
MinimumVisualStudioVersion = 10.0.40219.1
Project("{8BC9CEB8-8B4A-11D0-8D11-00A0C91BC942}") = "22_MergeSort", "22_MergeSort.vcxproj", "{215B7500-A659-46A8-B8EA-482A1F7AABCF}"
EndProject
Global
	GlobalSection(SolutionConfigurationPlatforms) = preSolution
		Debug|x64 = Debug|x64
		Debug|x86 = Debug|x86
		Release|x64 = Release|x64
		Release|x86 = Release|x86
	EndGlobalSection
	GlobalSection(ProjectConfigurationPlatforms) = postSolution
		{215B7500-A659-46A8-B8EA-482A1F7AABCF}.Debug|x64.ActiveCfg = Debug|x64
		{215B7500-A659-46A8-B8EA-482A1F7AABCF}.Debug|x64.Build.0 = Debug|x64
		{215B7500-A659-46A8-B8EA-482A1F7AABCF}.Debug|x86.ActiveCfg = Debug|Win32
		{215B7500-A659-46A8-B8EA-482A1F7AABCF}.Debug|x86.Build.0 = Debug|Win32
		{215B7500-A659-46A8-B8EA-482A1F7AABCF}.Release|x64.ActiveCfg = Release|x64
		{215B7500-A659-46A8-B8EA-482A1F7AABCF}.Release|x64.Build.0 = Release|x64
		{215B7500-A659-46A8-B8EA-482A1F7AABCF}.Release|x86.ActiveCfg = Release|Win32
		{215B7500-A659-46A8-B8EA-482A1F7AABCF}.Release|x86.Build.0 = Release|Win32
	EndGlobalSection
	GlobalSection(SolutionProperties) = preSolution
		HideSolutionNode = FALSE
	EndGlobalSection
	GlobalSection(ExtensibilityGlobals) = postSolution
		SolutionGuid = {5E7E836E-8374-411D-B8B5-5C5D72947451}
	EndGlobalSection
EndGlobal
